
Microsoft Visual Studio Solution File, Format Version 12.00
# Visual Studio 15
VisualStudioVersion = 15.0.28307.271
MinimumVisualStudioVersion = 10.0.40219.1
Project("{FAE04EC0-301F-11D3-BF4B-00C04F79EFBC}") = "PJK.WPF.PRISM.PM2020", "PJK.WPF.PRISM.PM2020\PJK.WPF.PRISM.PM2020.csproj", "{FECDD385-F618-4D7C-9D9D-5B7EDA9460F3}"
EndProject
Global
	GlobalSection(SolutionConfigurationPlatforms) = preSolution
		Debug|Any CPU = Debug|Any CPU
		Release|Any CPU = Release|Any CPU
	EndGlobalSection
	GlobalSection(ProjectConfigurationPlatforms) = postSolution
		{FECDD385-F618-4D7C-9D9D-5B7EDA9460F3}.Debug|Any CPU.ActiveCfg = Debug|Any CPU
		{FECDD385-F618-4D7C-9D9D-5B7EDA9460F3}.Debug|Any CPU.Build.0 = Debug|Any CPU
		{FECDD385-F618-4D7C-9D9D-5B7EDA9460F3}.Release|Any CPU.ActiveCfg = Release|Any CPU
		{FECDD385-F618-4D7C-9D9D-5B7EDA9460F3}.Release|Any CPU.Build.0 = Release|Any CPU
	EndGlobalSection
	GlobalSection(SolutionProperties) = preSolution
		HideSolutionNode = FALSE
	EndGlobalSection
	GlobalSection(ExtensibilityGlobals) = postSolution
		SolutionGuid = {13F7F6A7-E390-419E-9F15-4E600033295C}
	EndGlobalSection
EndGlobal
